
Microsoft Visual Studio Solution File, Format Version 12.00
# Visual Studio 2012
Project("{2150E333-8FDC-42A3-9474-1A3956D46DE8}") = ".Nuget", ".Nuget", "{4A444F2C-F257-4506-833E-5D54CEA03683}"
	ProjectSection(SolutionItems) = preProject
		NuGet.Config = NuGet.Config
		.nuget\NuGet.targets = .nuget\NuGet.targets
		.nuget\packages.config = .nuget\packages.config
	EndProjectSection
EndProject
Project("{FAE04EC0-301F-11D3-BF4B-00C04F79EFBC}") = "Mozu.SiteBuilder.Mvc", "Mozu.SiteBuilder.Mvc\Mozu.SiteBuilder.Mvc.csproj", "{BFF6E39B-C66A-4D99-8B72-934BEEA4906B}"
EndProject
Project("{FAE04EC0-301F-11D3-BF4B-00C04F79EFBC}") = "Mozu.SiteBuilder.UX", "Mozu.SiteBuilder.UX\Mozu.SiteBuilder.UX.csproj", "{64E108C3-DDB5-4FA8-8C17-778F64B028BA}"
EndProject
Project("{FAE04EC0-301F-11D3-BF4B-00C04F79EFBC}") = "Mozu.SiteBuilder.UX.Themes", "Mozu.SiteBuilder.UX.Themes\Mozu.SiteBuilder.UX.Themes.csproj", "{525FB9FF-4022-4C41-88D7-E5B49613B7FE}"
EndProject
Project("{FAE04EC0-301F-11D3-BF4B-00C04F79EFBC}") = "Mozu.SiteBuilder.IntegrationTests", "Mozu.SiteBuilder.IntegrationTests\Mozu.SiteBuilder.IntegrationTests.csproj", "{73E0DB46-7958-4A58-B834-57A5B04669B1}"
EndProject
Project("{FAE04EC0-301F-11D3-BF4B-00C04F79EFBC}") = "Mozu.SiteBuilder.UX.Admin", "Mozu.SiteBuilder.UX.Admin\Mozu.SiteBuilder.UX.Admin.csproj", "{3AC84F6C-74E6-4767-A80E-9FC022037F70}"
EndProject
Project("{FAE04EC0-301F-11D3-BF4B-00C04F79EFBC}") = "Mozu.SiteBuilder.UX.Models", "Mozu.SiteBuilder.UX.Models\Mozu.SiteBuilder.UX.Models.csproj", "{FE9DA6F5-3477-48A3-8314-572CE5C308FB}"
EndProject
Project("{2150E333-8FDC-42A3-9474-1A3956D46DE8}") = ".octopack", ".octopack", "{95323DB6-194C-4909-9E1C-9E9610356AA1}"
	ProjectSection(SolutionItems) = preProject
		.octopack\NuGet.exe = .octopack\NuGet.exe
		.octopack\OctoPack.targets = .octopack\OctoPack.targets
		.octopack\OctoPack.Tasks.dll = .octopack\OctoPack.Tasks.dll
		.octopack\OctoPack.Tasks.pdb = .octopack\OctoPack.Tasks.pdb
	EndProjectSection
EndProject
Project("{2150E333-8FDC-42A3-9474-1A3956D46DE8}") = "Solution Items", "Solution Items", "{16F8C4B3-4E6C-4E3F-B622-A005349EC397}"
	ProjectSection(SolutionItems) = preProject
		WE-Markdown.css = WE-Markdown.css
		WE-settings.xml = WE-settings.xml
	EndProjectSection
EndProject
Global
	GlobalSection(TeamFoundationVersionControl) = preSolution
		SccNumberOfProjects = 7
		SccEnterpriseProvider = {4CA58AB2-18FA-4F8D-95D4-32DDF27D184C}
		SccTeamFoundationServer = http://tfs.ads.volusion.com:8080/tfs/vnext
		SccLocalPath0 = .
		SccProjectUniqueName1 = Mozu.SiteBuilder.Mvc\\Mozu.SiteBuilder.Mvc.csproj
		SccProjectName1 = Mozu.SiteBuilder.Mvc
		SccLocalPath1 = Mozu.SiteBuilder.Mvc
		SccProjectUniqueName2 = Mozu.SiteBuilder.UX.Themes\\Mozu.SiteBuilder.UX.Themes.csproj
		SccProjectName2 = Mozu.SiteBuilder.UX.Themes
		SccLocalPath2 = Mozu.SiteBuilder.UX.Themes
		SccProjectUniqueName3 = Mozu.SiteBuilder.UX\\Mozu.SiteBuilder.UX.csproj
		SccProjectName3 = Mozu.SiteBuilder.UX
		SccLocalPath3 = Mozu.SiteBuilder.UX
		SccProjectUniqueName4 = Mozu.SiteBuilder.IntegrationTests\\Mozu.SiteBuilder.IntegrationTests.csproj
		SccProjectName4 = Mozu.SiteBuilder.IntegrationTests
		SccLocalPath4 = Mozu.SiteBuilder.IntegrationTests
		SccProjectUniqueName5 = Mozu.SiteBuilder.UX.Admin\\Mozu.SiteBuilder.UX.Admin.csproj
		SccProjectName5 = Mozu.SiteBuilder.UX.Admin
		SccLocalPath5 = Mozu.SiteBuilder.UX.Admin
		SccProjectUniqueName6 = Mozu.SiteBuilder.UX.Models\\Mozu.SiteBuilder.UX.Models.csproj
		SccProjectName6 = Mozu.SiteBuilder.UX.Models
		SccLocalPath6 = Mozu.SiteBuilder.UX.Models
	EndGlobalSection
	GlobalSection(SolutionConfigurationPlatforms) = preSolution
		CI|Any CPU = CI|Any CPU
		CI|Mixed Platforms = CI|Mixed Platforms
		CI|x86 = CI|x86
		Debug|Any CPU = Debug|Any CPU
		Debug|Mixed Platforms = Debug|Mixed Platforms
		Debug|x86 = Debug|x86
		Demo|Any CPU = Demo|Any CPU
		Demo|Mixed Platforms = Demo|Mixed Platforms
		Demo|x86 = Demo|x86
		Dev|Any CPU = Dev|Any CPU
		Dev|Mixed Platforms = Dev|Mixed Platforms
		Dev|x86 = Dev|x86
		perf|Any CPU = perf|Any CPU
		perf|Mixed Platforms = perf|Mixed Platforms
		perf|x86 = perf|x86
		Prod|Any CPU = Prod|Any CPU
		Prod|Mixed Platforms = Prod|Mixed Platforms
		Prod|x86 = Prod|x86
		QA|Any CPU = QA|Any CPU
		QA|Mixed Platforms = QA|Mixed Platforms
		QA|x86 = QA|x86
		Release|Any CPU = Release|Any CPU
		Release|Mixed Platforms = Release|Mixed Platforms
		Release|x86 = Release|x86
		SI|Any CPU = SI|Any CPU
		SI|Mixed Platforms = SI|Mixed Platforms
		SI|x86 = SI|x86
	EndGlobalSection
	GlobalSection(ProjectConfigurationPlatforms) = postSolution
		{BFF6E39B-C66A-4D99-8B72-934BEEA4906B}.CI|Any CPU.ActiveCfg = CI|Any CPU
		{BFF6E39B-C66A-4D99-8B72-934BEEA4906B}.CI|Any CPU.Build.0 = CI|Any CPU
		{BFF6E39B-C66A-4D99-8B72-934BEEA4906B}.CI|Mixed Platforms.ActiveCfg = CI|Any CPU
		{BFF6E39B-C66A-4D99-8B72-934BEEA4906B}.CI|Mixed Platforms.Build.0 = CI|Any CPU
		{BFF6E39B-C66A-4D99-8B72-934BEEA4906B}.CI|x86.ActiveCfg = CI|Any CPU
		{BFF6E39B-C66A-4D99-8B72-934BEEA4906B}.Debug|Any CPU.ActiveCfg = Debug|Any CPU
		{BFF6E39B-C66A-4D99-8B72-934BEEA4906B}.Debug|Any CPU.Build.0 = Debug|Any CPU
		{BFF6E39B-C66A-4D99-8B72-934BEEA4906B}.Debug|Mixed Platforms.ActiveCfg = Debug|Any CPU
		{BFF6E39B-C66A-4D99-8B72-934BEEA4906B}.Debug|Mixed Platforms.Build.0 = Debug|Any CPU
		{BFF6E39B-C66A-4D99-8B72-934BEEA4906B}.Debug|x86.ActiveCfg = Debug|Any CPU
		{BFF6E39B-C66A-4D99-8B72-934BEEA4906B}.Demo|Any CPU.ActiveCfg = Demo|Any CPU
		{BFF6E39B-C66A-4D99-8B72-934BEEA4906B}.Demo|Any CPU.Build.0 = Demo|Any CPU
		{BFF6E39B-C66A-4D99-8B72-934BEEA4906B}.Demo|Mixed Platforms.ActiveCfg = Demo|Any CPU
		{BFF6E39B-C66A-4D99-8B72-934BEEA4906B}.Demo|Mixed Platforms.Build.0 = Demo|Any CPU
		{BFF6E39B-C66A-4D99-8B72-934BEEA4906B}.Demo|x86.ActiveCfg = Demo|Any CPU
		{BFF6E39B-C66A-4D99-8B72-934BEEA4906B}.Dev|Any CPU.ActiveCfg = Dev|Any CPU
		{BFF6E39B-C66A-4D99-8B72-934BEEA4906B}.Dev|Any CPU.Build.0 = Dev|Any CPU
		{BFF6E39B-C66A-4D99-8B72-934BEEA4906B}.Dev|Mixed Platforms.ActiveCfg = Dev|Any CPU
		{BFF6E39B-C66A-4D99-8B72-934BEEA4906B}.Dev|Mixed Platforms.Build.0 = Dev|Any CPU
		{BFF6E39B-C66A-4D99-8B72-934BEEA4906B}.Dev|x86.ActiveCfg = Dev|Any CPU
		{BFF6E39B-C66A-4D99-8B72-934BEEA4906B}.perf|Any CPU.ActiveCfg = perf|Any CPU
		{BFF6E39B-C66A-4D99-8B72-934BEEA4906B}.perf|Any CPU.Build.0 = perf|Any CPU
		{BFF6E39B-C66A-4D99-8B72-934BEEA4906B}.perf|Mixed Platforms.ActiveCfg = perf|Any CPU
		{BFF6E39B-C66A-4D99-8B72-934BEEA4906B}.perf|Mixed Platforms.Build.0 = perf|Any CPU
		{BFF6E39B-C66A-4D99-8B72-934BEEA4906B}.perf|x86.ActiveCfg = perf|Any CPU
		{BFF6E39B-C66A-4D99-8B72-934BEEA4906B}.Prod|Any CPU.ActiveCfg = Prod|Any CPU
		{BFF6E39B-C66A-4D99-8B72-934BEEA4906B}.Prod|Any CPU.Build.0 = Prod|Any CPU
		{BFF6E39B-C66A-4D99-8B72-934BEEA4906B}.Prod|Mixed Platforms.ActiveCfg = Prod|Any CPU
		{BFF6E39B-C66A-4D99-8B72-934BEEA4906B}.Prod|Mixed Platforms.Build.0 = Prod|Any CPU
		{BFF6E39B-C66A-4D99-8B72-934BEEA4906B}.Prod|x86.ActiveCfg = Prod|Any CPU
		{BFF6E39B-C66A-4D99-8B72-934BEEA4906B}.QA|Any CPU.ActiveCfg = QA|Any CPU
		{BFF6E39B-C66A-4D99-8B72-934BEEA4906B}.QA|Any CPU.Build.0 = QA|Any CPU
		{BFF6E39B-C66A-4D99-8B72-934BEEA4906B}.QA|Mixed Platforms.ActiveCfg = QA|Any CPU
		{BFF6E39B-C66A-4D99-8B72-934BEEA4906B}.QA|Mixed Platforms.Build.0 = QA|Any CPU
		{BFF6E39B-C66A-4D99-8B72-934BEEA4906B}.QA|x86.ActiveCfg = QA|Any CPU
		{BFF6E39B-C66A-4D99-8B72-934BEEA4906B}.Release|Any CPU.ActiveCfg = Release|Any CPU
		{BFF6E39B-C66A-4D99-8B72-934BEEA4906B}.Release|Any CPU.Build.0 = Release|Any CPU
		{BFF6E39B-C66A-4D99-8B72-934BEEA4906B}.Release|Mixed Platforms.ActiveCfg = Release|Any CPU
		{BFF6E39B-C66A-4D99-8B72-934BEEA4906B}.Release|Mixed Platforms.Build.0 = Release|Any CPU
		{BFF6E39B-C66A-4D99-8B72-934BEEA4906B}.Release|x86.ActiveCfg = Release|Any CPU
		{BFF6E39B-C66A-4D99-8B72-934BEEA4906B}.SI|Any CPU.ActiveCfg = Release|Any CPU
		{BFF6E39B-C66A-4D99-8B72-934BEEA4906B}.SI|Any CPU.Build.0 = Release|Any CPU
		{BFF6E39B-C66A-4D99-8B72-934BEEA4906B}.SI|Mixed Platforms.ActiveCfg = Release|Any CPU
		{BFF6E39B-C66A-4D99-8B72-934BEEA4906B}.SI|Mixed Platforms.Build.0 = Release|Any CPU
		{BFF6E39B-C66A-4D99-8B72-934BEEA4906B}.SI|x86.ActiveCfg = Release|Any CPU
		{64E108C3-DDB5-4FA8-8C17-778F64B028BA}.CI|Any CPU.ActiveCfg = CI|Any CPU
		{64E108C3-DDB5-4FA8-8C17-778F64B028BA}.CI|Any CPU.Build.0 = CI|Any CPU
		{64E108C3-DDB5-4FA8-8C17-778F64B028BA}.CI|Mixed Platforms.ActiveCfg = CI|Any CPU
		{64E108C3-DDB5-4FA8-8C17-778F64B028BA}.CI|Mixed Platforms.Build.0 = CI|Any CPU
		{64E108C3-DDB5-4FA8-8C17-778F64B028BA}.CI|x86.ActiveCfg = CI|Any CPU
		{64E108C3-DDB5-4FA8-8C17-778F64B028BA}.Debug|Any CPU.ActiveCfg = Debug|Any CPU
		{64E108C3-DDB5-4FA8-8C17-778F64B028BA}.Debug|Any CPU.Build.0 = Debug|Any CPU
		{64E108C3-DDB5-4FA8-8C17-778F64B028BA}.Debug|Mixed Platforms.ActiveCfg = Debug|Any CPU
		{64E108C3-DDB5-4FA8-8C17-778F64B028BA}.Debug|Mixed Platforms.Build.0 = Debug|Any CPU
		{64E108C3-DDB5-4FA8-8C17-778F64B028BA}.Debug|x86.ActiveCfg = Debug|Any CPU
		{64E108C3-DDB5-4FA8-8C17-778F64B028BA}.Demo|Any CPU.ActiveCfg = Demo|Any CPU
		{64E108C3-DDB5-4FA8-8C17-778F64B028BA}.Demo|Any CPU.Build.0 = Demo|Any CPU
		{64E108C3-DDB5-4FA8-8C17-778F64B028BA}.Demo|Mixed Platforms.ActiveCfg = Demo|Any CPU
		{64E108C3-DDB5-4FA8-8C17-778F64B028BA}.Demo|Mixed Platforms.Build.0 = Demo|Any CPU
		{64E108C3-DDB5-4FA8-8C17-778F64B028BA}.Demo|x86.ActiveCfg = Demo|Any CPU
		{64E108C3-DDB5-4FA8-8C17-778F64B028BA}.Dev|Any CPU.ActiveCfg = Dev|Any CPU
		{64E108C3-DDB5-4FA8-8C17-778F64B028BA}.Dev|Any CPU.Build.0 = Dev|Any CPU
		{64E108C3-DDB5-4FA8-8C17-778F64B028BA}.Dev|Mixed Platforms.ActiveCfg = Dev|Any CPU
		{64E108C3-DDB5-4FA8-8C17-778F64B028BA}.Dev|Mixed Platforms.Build.0 = Dev|Any CPU
		{64E108C3-DDB5-4FA8-8C17-778F64B028BA}.Dev|x86.ActiveCfg = Dev|Any CPU
		{64E108C3-DDB5-4FA8-8C17-778F64B028BA}.perf|Any CPU.ActiveCfg = perf|Any CPU
		{64E108C3-DDB5-4FA8-8C17-778F64B028BA}.perf|Any CPU.Build.0 = perf|Any CPU
		{64E108C3-DDB5-4FA8-8C17-778F64B028BA}.perf|Mixed Platforms.ActiveCfg = perf|Any CPU
		{64E108C3-DDB5-4FA8-8C17-778F64B028BA}.perf|Mixed Platforms.Build.0 = perf|Any CPU
		{64E108C3-DDB5-4FA8-8C17-778F64B028BA}.perf|x86.ActiveCfg = perf|Any CPU
		{64E108C3-DDB5-4FA8-8C17-778F64B028BA}.Prod|Any CPU.ActiveCfg = Prod|Any CPU
		{64E108C3-DDB5-4FA8-8C17-778F64B028BA}.Prod|Any CPU.Build.0 = Prod|Any CPU
		{64E108C3-DDB5-4FA8-8C17-778F64B028BA}.Prod|Mixed Platforms.ActiveCfg = Prod|Any CPU
		{64E108C3-DDB5-4FA8-8C17-778F64B028BA}.Prod|Mixed Platforms.Build.0 = Prod|Any CPU
		{64E108C3-DDB5-4FA8-8C17-778F64B028BA}.Prod|x86.ActiveCfg = Prod|Any CPU
		{64E108C3-DDB5-4FA8-8C17-778F64B028BA}.QA|Any CPU.ActiveCfg = QA|Any CPU
		{64E108C3-DDB5-4FA8-8C17-778F64B028BA}.QA|Any CPU.Build.0 = QA|Any CPU
		{64E108C3-DDB5-4FA8-8C17-778F64B028BA}.QA|Mixed Platforms.ActiveCfg = QA|Any CPU
		{64E108C3-DDB5-4FA8-8C17-778F64B028BA}.QA|Mixed Platforms.Build.0 = QA|Any CPU
		{64E108C3-DDB5-4FA8-8C17-778F64B028BA}.QA|x86.ActiveCfg = QA|Any CPU
		{64E108C3-DDB5-4FA8-8C17-778F64B028BA}.Release|Any CPU.ActiveCfg = Release|Any CPU
		{64E108C3-DDB5-4FA8-8C17-778F64B028BA}.Release|Any CPU.Build.0 = Release|Any CPU
		{64E108C3-DDB5-4FA8-8C17-778F64B028BA}.Release|Mixed Platforms.ActiveCfg = Release|Any CPU
		{64E108C3-DDB5-4FA8-8C17-778F64B028BA}.Release|Mixed Platforms.Build.0 = Release|Any CPU
		{64E108C3-DDB5-4FA8-8C17-778F64B028BA}.Release|x86.ActiveCfg = Release|Any CPU
		{64E108C3-DDB5-4FA8-8C17-778F64B028BA}.SI|Any CPU.ActiveCfg = SI|Any CPU
		{64E108C3-DDB5-4FA8-8C17-778F64B028BA}.SI|Any CPU.Build.0 = SI|Any CPU
		{64E108C3-DDB5-4FA8-8C17-778F64B028BA}.SI|Mixed Platforms.ActiveCfg = SI|Any CPU
		{64E108C3-DDB5-4FA8-8C17-778F64B028BA}.SI|Mixed Platforms.Build.0 = SI|Any CPU
		{64E108C3-DDB5-4FA8-8C17-778F64B028BA}.SI|x86.ActiveCfg = SI|Any CPU
		{525FB9FF-4022-4C41-88D7-E5B49613B7FE}.CI|Any CPU.ActiveCfg = CI|Any CPU
		{525FB9FF-4022-4C41-88D7-E5B49613B7FE}.CI|Any CPU.Build.0 = CI|Any CPU
		{525FB9FF-4022-4C41-88D7-E5B49613B7FE}.CI|Mixed Platforms.ActiveCfg = CI|Any CPU
		{525FB9FF-4022-4C41-88D7-E5B49613B7FE}.CI|Mixed Platforms.Build.0 = CI|Any CPU
		{525FB9FF-4022-4C41-88D7-E5B49613B7FE}.CI|x86.ActiveCfg = CI|Any CPU
		{525FB9FF-4022-4C41-88D7-E5B49613B7FE}.Debug|Any CPU.ActiveCfg = Debug|Any CPU
		{525FB9FF-4022-4C41-88D7-E5B49613B7FE}.Debug|Any CPU.Build.0 = Debug|Any CPU
		{525FB9FF-4022-4C41-88D7-E5B49613B7FE}.Debug|Mixed Platforms.ActiveCfg = Debug|Any CPU
		{525FB9FF-4022-4C41-88D7-E5B49613B7FE}.Debug|Mixed Platforms.Build.0 = Debug|Any CPU
		{525FB9FF-4022-4C41-88D7-E5B49613B7FE}.Debug|x86.ActiveCfg = Debug|Any CPU
		{525FB9FF-4022-4C41-88D7-E5B49613B7FE}.Demo|Any CPU.ActiveCfg = Demo|Any CPU
		{525FB9FF-4022-4C41-88D7-E5B49613B7FE}.Demo|Any CPU.Build.0 = Demo|Any CPU
		{525FB9FF-4022-4C41-88D7-E5B49613B7FE}.Demo|Mixed Platforms.ActiveCfg = Demo|Any CPU
		{525FB9FF-4022-4C41-88D7-E5B49613B7FE}.Demo|Mixed Platforms.Build.0 = Demo|Any CPU
		{525FB9FF-4022-4C41-88D7-E5B49613B7FE}.Demo|x86.ActiveCfg = Demo|Any CPU
		{525FB9FF-4022-4C41-88D7-E5B49613B7FE}.Dev|Any CPU.ActiveCfg = Dev|Any CPU
		{525FB9FF-4022-4C41-88D7-E5B49613B7FE}.Dev|Any CPU.Build.0 = Dev|Any CPU
		{525FB9FF-4022-4C41-88D7-E5B49613B7FE}.Dev|Mixed Platforms.ActiveCfg = Dev|Any CPU
		{525FB9FF-4022-4C41-88D7-E5B49613B7FE}.Dev|Mixed Platforms.Build.0 = Dev|Any CPU
		{525FB9FF-4022-4C41-88D7-E5B49613B7FE}.Dev|x86.ActiveCfg = Dev|Any CPU
		{525FB9FF-4022-4C41-88D7-E5B49613B7FE}.perf|Any CPU.ActiveCfg = perf|Any CPU
		{525FB9FF-4022-4C41-88D7-E5B49613B7FE}.perf|Any CPU.Build.0 = perf|Any CPU
		{525FB9FF-4022-4C41-88D7-E5B49613B7FE}.perf|Mixed Platforms.ActiveCfg = perf|Any CPU
		{525FB9FF-4022-4C41-88D7-E5B49613B7FE}.perf|Mixed Platforms.Build.0 = perf|Any CPU
		{525FB9FF-4022-4C41-88D7-E5B49613B7FE}.perf|x86.ActiveCfg = perf|Any CPU
		{525FB9FF-4022-4C41-88D7-E5B49613B7FE}.Prod|Any CPU.ActiveCfg = Prod|Any CPU
		{525FB9FF-4022-4C41-88D7-E5B49613B7FE}.Prod|Any CPU.Build.0 = Prod|Any CPU
		{525FB9FF-4022-4C41-88D7-E5B49613B7FE}.Prod|Mixed Platforms.ActiveCfg = Prod|Any CPU
		{525FB9FF-4022-4C41-88D7-E5B49613B7FE}.Prod|Mixed Platforms.Build.0 = Prod|Any CPU
		{525FB9FF-4022-4C41-88D7-E5B49613B7FE}.Prod|x86.ActiveCfg = Prod|Any CPU
		{525FB9FF-4022-4C41-88D7-E5B49613B7FE}.QA|Any CPU.ActiveCfg = QA|Any CPU
		{525FB9FF-4022-4C41-88D7-E5B49613B7FE}.QA|Any CPU.Build.0 = QA|Any CPU
		{525FB9FF-4022-4C41-88D7-E5B49613B7FE}.QA|Mixed Platforms.ActiveCfg = QA|Any CPU
		{525FB9FF-4022-4C41-88D7-E5B49613B7FE}.QA|Mixed Platforms.Build.0 = QA|Any CPU
		{525FB9FF-4022-4C41-88D7-E5B49613B7FE}.QA|x86.ActiveCfg = QA|Any CPU
		{525FB9FF-4022-4C41-88D7-E5B49613B7FE}.Release|Any CPU.ActiveCfg = Release|Any CPU
		{525FB9FF-4022-4C41-88D7-E5B49613B7FE}.Release|Any CPU.Build.0 = Release|Any CPU
		{525FB9FF-4022-4C41-88D7-E5B49613B7FE}.Release|Mixed Platforms.ActiveCfg = Release|Any CPU
		{525FB9FF-4022-4C41-88D7-E5B49613B7FE}.Release|Mixed Platforms.Build.0 = Release|Any CPU
		{525FB9FF-4022-4C41-88D7-E5B49613B7FE}.Release|x86.ActiveCfg = Release|Any CPU
		{525FB9FF-4022-4C41-88D7-E5B49613B7FE}.SI|Any CPU.ActiveCfg = SI|Any CPU
		{525FB9FF-4022-4C41-88D7-E5B49613B7FE}.SI|Any CPU.Build.0 = SI|Any CPU
		{525FB9FF-4022-4C41-88D7-E5B49613B7FE}.SI|Mixed Platforms.ActiveCfg = SI|Any CPU
		{525FB9FF-4022-4C41-88D7-E5B49613B7FE}.SI|Mixed Platforms.Build.0 = SI|Any CPU
		{525FB9FF-4022-4C41-88D7-E5B49613B7FE}.SI|x86.ActiveCfg = SI|Any CPU
		{73E0DB46-7958-4A58-B834-57A5B04669B1}.CI|Any CPU.ActiveCfg = CI|Any CPU
		{73E0DB46-7958-4A58-B834-57A5B04669B1}.CI|Any CPU.Build.0 = CI|Any CPU
		{73E0DB46-7958-4A58-B834-57A5B04669B1}.CI|Mixed Platforms.ActiveCfg = CI|Any CPU
		{73E0DB46-7958-4A58-B834-57A5B04669B1}.CI|Mixed Platforms.Build.0 = CI|Any CPU
		{73E0DB46-7958-4A58-B834-57A5B04669B1}.CI|x86.ActiveCfg = CI|Any CPU
		{73E0DB46-7958-4A58-B834-57A5B04669B1}.Debug|Any CPU.ActiveCfg = Debug|Any CPU
		{73E0DB46-7958-4A58-B834-57A5B04669B1}.Debug|Any CPU.Build.0 = Debug|Any CPU
		{73E0DB46-7958-4A58-B834-57A5B04669B1}.Debug|Mixed Platforms.ActiveCfg = Debug|Any CPU
		{73E0DB46-7958-4A58-B834-57A5B04669B1}.Debug|Mixed Platforms.Build.0 = Debug|Any CPU
		{73E0DB46-7958-4A58-B834-57A5B04669B1}.Debug|x86.ActiveCfg = Debug|Any CPU
		{73E0DB46-7958-4A58-B834-57A5B04669B1}.Demo|Any CPU.ActiveCfg = Demo|Any CPU
		{73E0DB46-7958-4A58-B834-57A5B04669B1}.Demo|Any CPU.Build.0 = Demo|Any CPU
		{73E0DB46-7958-4A58-B834-57A5B04669B1}.Demo|Mixed Platforms.ActiveCfg = Demo|Any CPU
		{73E0DB46-7958-4A58-B834-57A5B04669B1}.Demo|Mixed Platforms.Build.0 = Demo|Any CPU
		{73E0DB46-7958-4A58-B834-57A5B04669B1}.Demo|x86.ActiveCfg = Demo|Any CPU
		{73E0DB46-7958-4A58-B834-57A5B04669B1}.Dev|Any CPU.ActiveCfg = Dev|Any CPU
		{73E0DB46-7958-4A58-B834-57A5B04669B1}.Dev|Any CPU.Build.0 = Dev|Any CPU
		{73E0DB46-7958-4A58-B834-57A5B04669B1}.Dev|Mixed Platforms.ActiveCfg = Dev|Any CPU
		{73E0DB46-7958-4A58-B834-57A5B04669B1}.Dev|Mixed Platforms.Build.0 = Dev|Any CPU
		{73E0DB46-7958-4A58-B834-57A5B04669B1}.Dev|x86.ActiveCfg = Dev|Any CPU
		{73E0DB46-7958-4A58-B834-57A5B04669B1}.perf|Any CPU.ActiveCfg = perf|Any CPU
		{73E0DB46-7958-4A58-B834-57A5B04669B1}.perf|Any CPU.Build.0 = perf|Any CPU
		{73E0DB46-7958-4A58-B834-57A5B04669B1}.perf|Mixed Platforms.ActiveCfg = perf|Any CPU
		{73E0DB46-7958-4A58-B834-57A5B04669B1}.perf|Mixed Platforms.Build.0 = perf|Any CPU
		{73E0DB46-7958-4A58-B834-57A5B04669B1}.perf|x86.ActiveCfg = perf|Any CPU
		{73E0DB46-7958-4A58-B834-57A5B04669B1}.Prod|Any CPU.ActiveCfg = Prod|Any CPU
		{73E0DB46-7958-4A58-B834-57A5B04669B1}.Prod|Any CPU.Build.0 = Prod|Any CPU
		{73E0DB46-7958-4A58-B834-57A5B04669B1}.Prod|Mixed Platforms.ActiveCfg = Prod|Any CPU
		{73E0DB46-7958-4A58-B834-57A5B04669B1}.Prod|Mixed Platforms.Build.0 = Prod|Any CPU
		{73E0DB46-7958-4A58-B834-57A5B04669B1}.Prod|x86.ActiveCfg = Prod|Any CPU
		{73E0DB46-7958-4A58-B834-57A5B04669B1}.QA|Any CPU.ActiveCfg = QA|Any CPU
		{73E0DB46-7958-4A58-B834-57A5B04669B1}.QA|Any CPU.Build.0 = QA|Any CPU
		{73E0DB46-7958-4A58-B834-57A5B04669B1}.QA|Mixed Platforms.ActiveCfg = QA|Any CPU
		{73E0DB46-7958-4A58-B834-57A5B04669B1}.QA|Mixed Platforms.Build.0 = QA|Any CPU
		{73E0DB46-7958-4A58-B834-57A5B04669B1}.QA|x86.ActiveCfg = QA|Any CPU
		{73E0DB46-7958-4A58-B834-57A5B04669B1}.Release|Any CPU.ActiveCfg = Release|Any CPU
		{73E0DB46-7958-4A58-B834-57A5B04669B1}.Release|Any CPU.Build.0 = Release|Any CPU
		{73E0DB46-7958-4A58-B834-57A5B04669B1}.Release|Mixed Platforms.ActiveCfg = Release|Any CPU
		{73E0DB46-7958-4A58-B834-57A5B04669B1}.Release|Mixed Platforms.Build.0 = Release|Any CPU
		{73E0DB46-7958-4A58-B834-57A5B04669B1}.Release|x86.ActiveCfg = Release|Any CPU
		{73E0DB46-7958-4A58-B834-57A5B04669B1}.SI|Any CPU.ActiveCfg = SI|Any CPU
		{73E0DB46-7958-4A58-B834-57A5B04669B1}.SI|Any CPU.Build.0 = SI|Any CPU
		{73E0DB46-7958-4A58-B834-57A5B04669B1}.SI|Mixed Platforms.ActiveCfg = SI|Any CPU
		{73E0DB46-7958-4A58-B834-57A5B04669B1}.SI|Mixed Platforms.Build.0 = SI|Any CPU
		{73E0DB46-7958-4A58-B834-57A5B04669B1}.SI|x86.ActiveCfg = SI|Any CPU
		{3AC84F6C-74E6-4767-A80E-9FC022037F70}.CI|Any CPU.ActiveCfg = CI|Any CPU
		{3AC84F6C-74E6-4767-A80E-9FC022037F70}.CI|Any CPU.Build.0 = CI|Any CPU
		{3AC84F6C-74E6-4767-A80E-9FC022037F70}.CI|Mixed Platforms.ActiveCfg = CI|Any CPU
		{3AC84F6C-74E6-4767-A80E-9FC022037F70}.CI|Mixed Platforms.Build.0 = CI|Any CPU
		{3AC84F6C-74E6-4767-A80E-9FC022037F70}.CI|x86.ActiveCfg = CI|Any CPU
		{3AC84F6C-74E6-4767-A80E-9FC022037F70}.Debug|Any CPU.ActiveCfg = Debug|Any CPU
		{3AC84F6C-74E6-4767-A80E-9FC022037F70}.Debug|Any CPU.Build.0 = Debug|Any CPU
		{3AC84F6C-74E6-4767-A80E-9FC022037F70}.Debug|Mixed Platforms.ActiveCfg = Debug|Any CPU
		{3AC84F6C-74E6-4767-A80E-9FC022037F70}.Debug|Mixed Platforms.Build.0 = Debug|Any CPU
		{3AC84F6C-74E6-4767-A80E-9FC022037F70}.Debug|x86.ActiveCfg = Debug|Any CPU
		{3AC84F6C-74E6-4767-A80E-9FC022037F70}.Demo|Any CPU.ActiveCfg = Demo|Any CPU
		{3AC84F6C-74E6-4767-A80E-9FC022037F70}.Demo|Any CPU.Build.0 = Demo|Any CPU
		{3AC84F6C-74E6-4767-A80E-9FC022037F70}.Demo|Mixed Platforms.ActiveCfg = Demo|Any CPU
		{3AC84F6C-74E6-4767-A80E-9FC022037F70}.Demo|Mixed Platforms.Build.0 = Demo|Any CPU
		{3AC84F6C-74E6-4767-A80E-9FC022037F70}.Demo|x86.ActiveCfg = Demo|Any CPU
		{3AC84F6C-74E6-4767-A80E-9FC022037F70}.Dev|Any CPU.ActiveCfg = Dev|Any CPU
		{3AC84F6C-74E6-4767-A80E-9FC022037F70}.Dev|Any CPU.Build.0 = Dev|Any CPU
		{3AC84F6C-74E6-4767-A80E-9FC022037F70}.Dev|Mixed Platforms.ActiveCfg = Dev|Any CPU
		{3AC84F6C-74E6-4767-A80E-9FC022037F70}.Dev|Mixed Platforms.Build.0 = Dev|Any CPU
		{3AC84F6C-74E6-4767-A80E-9FC022037F70}.Dev|x86.ActiveCfg = Dev|Any CPU
		{3AC84F6C-74E6-4767-A80E-9FC022037F70}.perf|Any CPU.ActiveCfg = perf|Any CPU
		{3AC84F6C-74E6-4767-A80E-9FC022037F70}.perf|Any CPU.Build.0 = perf|Any CPU
		{3AC84F6C-74E6-4767-A80E-9FC022037F70}.perf|Mixed Platforms.ActiveCfg = perf|Any CPU
		{3AC84F6C-74E6-4767-A80E-9FC022037F70}.perf|Mixed Platforms.Build.0 = perf|Any CPU
		{3AC84F6C-74E6-4767-A80E-9FC022037F70}.perf|x86.ActiveCfg = perf|Any CPU
		{3AC84F6C-74E6-4767-A80E-9FC022037F70}.Prod|Any CPU.ActiveCfg = Prod|Any CPU
		{3AC84F6C-74E6-4767-A80E-9FC022037F70}.Prod|Any CPU.Build.0 = Prod|Any CPU
		{3AC84F6C-74E6-4767-A80E-9FC022037F70}.Prod|Mixed Platforms.ActiveCfg = Prod|Any CPU
		{3AC84F6C-74E6-4767-A80E-9FC022037F70}.Prod|Mixed Platforms.Build.0 = Prod|Any CPU
		{3AC84F6C-74E6-4767-A80E-9FC022037F70}.Prod|x86.ActiveCfg = Prod|Any CPU
		{3AC84F6C-74E6-4767-A80E-9FC022037F70}.QA|Any CPU.ActiveCfg = QA|Any CPU
		{3AC84F6C-74E6-4767-A80E-9FC022037F70}.QA|Any CPU.Build.0 = QA|Any CPU
		{3AC84F6C-74E6-4767-A80E-9FC022037F70}.QA|Mixed Platforms.ActiveCfg = QA|Any CPU
		{3AC84F6C-74E6-4767-A80E-9FC022037F70}.QA|Mixed Platforms.Build.0 = QA|Any CPU
		{3AC84F6C-74E6-4767-A80E-9FC022037F70}.QA|x86.ActiveCfg = QA|Any CPU
		{3AC84F6C-74E6-4767-A80E-9FC022037F70}.Release|Any CPU.ActiveCfg = Release|Any CPU
		{3AC84F6C-74E6-4767-A80E-9FC022037F70}.Release|Any CPU.Build.0 = Release|Any CPU
		{3AC84F6C-74E6-4767-A80E-9FC022037F70}.Release|Mixed Platforms.ActiveCfg = Release|Any CPU
		{3AC84F6C-74E6-4767-A80E-9FC022037F70}.Release|Mixed Platforms.Build.0 = Release|Any CPU
		{3AC84F6C-74E6-4767-A80E-9FC022037F70}.Release|x86.ActiveCfg = Release|Any CPU
		{3AC84F6C-74E6-4767-A80E-9FC022037F70}.SI|Any CPU.ActiveCfg = SI|Any CPU
		{3AC84F6C-74E6-4767-A80E-9FC022037F70}.SI|Any CPU.Build.0 = SI|Any CPU
		{3AC84F6C-74E6-4767-A80E-9FC022037F70}.SI|Mixed Platforms.ActiveCfg = SI|Any CPU
		{3AC84F6C-74E6-4767-A80E-9FC022037F70}.SI|Mixed Platforms.Build.0 = SI|Any CPU
		{3AC84F6C-74E6-4767-A80E-9FC022037F70}.SI|x86.ActiveCfg = SI|Any CPU
		{FE9DA6F5-3477-48A3-8314-572CE5C308FB}.CI|Any CPU.ActiveCfg = CI|Any CPU
		{FE9DA6F5-3477-48A3-8314-572CE5C308FB}.CI|Any CPU.Build.0 = CI|Any CPU
		{FE9DA6F5-3477-48A3-8314-572CE5C308FB}.CI|Mixed Platforms.ActiveCfg = CI|Any CPU
		{FE9DA6F5-3477-48A3-8314-572CE5C308FB}.CI|Mixed Platforms.Build.0 = CI|Any CPU
		{FE9DA6F5-3477-48A3-8314-572CE5C308FB}.CI|x86.ActiveCfg = CI|Any CPU
		{FE9DA6F5-3477-48A3-8314-572CE5C308FB}.Debug|Any CPU.ActiveCfg = Debug|Any CPU
		{FE9DA6F5-3477-48A3-8314-572CE5C308FB}.Debug|Any CPU.Build.0 = Debug|Any CPU
		{FE9DA6F5-3477-48A3-8314-572CE5C308FB}.Debug|Mixed Platforms.ActiveCfg = Debug|Any CPU
		{FE9DA6F5-3477-48A3-8314-572CE5C308FB}.Debug|Mixed Platforms.Build.0 = Debug|Any CPU
		{FE9DA6F5-3477-48A3-8314-572CE5C308FB}.Debug|x86.ActiveCfg = Debug|Any CPU
		{FE9DA6F5-3477-48A3-8314-572CE5C308FB}.Demo|Any CPU.ActiveCfg = Demo|Any CPU
		{FE9DA6F5-3477-48A3-8314-572CE5C308FB}.Demo|Any CPU.Build.0 = Demo|Any CPU
		{FE9DA6F5-3477-48A3-8314-572CE5C308FB}.Demo|Mixed Platforms.ActiveCfg = Demo|Any CPU
		{FE9DA6F5-3477-48A3-8314-572CE5C308FB}.Demo|Mixed Platforms.Build.0 = Demo|Any CPU
		{FE9DA6F5-3477-48A3-8314-572CE5C308FB}.Demo|x86.ActiveCfg = Demo|Any CPU
		{FE9DA6F5-3477-48A3-8314-572CE5C308FB}.Dev|Any CPU.ActiveCfg = Dev|Any CPU
		{FE9DA6F5-3477-48A3-8314-572CE5C308FB}.Dev|Any CPU.Build.0 = Dev|Any CPU
		{FE9DA6F5-3477-48A3-8314-572CE5C308FB}.Dev|Mixed Platforms.ActiveCfg = Dev|Any CPU
		{FE9DA6F5-3477-48A3-8314-572CE5C308FB}.Dev|Mixed Platforms.Build.0 = Dev|Any CPU
		{FE9DA6F5-3477-48A3-8314-572CE5C308FB}.Dev|x86.ActiveCfg = Dev|Any CPU
		{FE9DA6F5-3477-48A3-8314-572CE5C308FB}.perf|Any CPU.ActiveCfg = perf|Any CPU
		{FE9DA6F5-3477-48A3-8314-572CE5C308FB}.perf|Any CPU.Build.0 = perf|Any CPU
		{FE9DA6F5-3477-48A3-8314-572CE5C308FB}.perf|Mixed Platforms.ActiveCfg = perf|Any CPU
		{FE9DA6F5-3477-48A3-8314-572CE5C308FB}.perf|Mixed Platforms.Build.0 = perf|Any CPU
		{FE9DA6F5-3477-48A3-8314-572CE5C308FB}.perf|x86.ActiveCfg = perf|Any CPU
		{FE9DA6F5-3477-48A3-8314-572CE5C308FB}.Prod|Any CPU.ActiveCfg = Prod|Any CPU
		{FE9DA6F5-3477-48A3-8314-572CE5C308FB}.Prod|Any CPU.Build.0 = Prod|Any CPU
		{FE9DA6F5-3477-48A3-8314-572CE5C308FB}.Prod|Mixed Platforms.ActiveCfg = Prod|Any CPU
		{FE9DA6F5-3477-48A3-8314-572CE5C308FB}.Prod|Mixed Platforms.Build.0 = Prod|Any CPU
		{FE9DA6F5-3477-48A3-8314-572CE5C308FB}.Prod|x86.ActiveCfg = Prod|Any CPU
		{FE9DA6F5-3477-48A3-8314-572CE5C308FB}.QA|Any CPU.ActiveCfg = QA|Any CPU
		{FE9DA6F5-3477-48A3-8314-572CE5C308FB}.QA|Any CPU.Build.0 = QA|Any CPU
		{FE9DA6F5-3477-48A3-8314-572CE5C308FB}.QA|Mixed Platforms.ActiveCfg = QA|Any CPU
		{FE9DA6F5-3477-48A3-8314-572CE5C308FB}.QA|Mixed Platforms.Build.0 = QA|Any CPU
		{FE9DA6F5-3477-48A3-8314-572CE5C308FB}.QA|Mixed Platforms.Deploy.0 = QA|Any CPU
		{FE9DA6F5-3477-48A3-8314-572CE5C308FB}.QA|x86.ActiveCfg = QA|Any CPU
		{FE9DA6F5-3477-48A3-8314-572CE5C308FB}.Release|Any CPU.ActiveCfg = Release|Any CPU
		{FE9DA6F5-3477-48A3-8314-572CE5C308FB}.Release|Any CPU.Build.0 = Release|Any CPU
		{FE9DA6F5-3477-48A3-8314-572CE5C308FB}.Release|Mixed Platforms.ActiveCfg = Release|Any CPU
		{FE9DA6F5-3477-48A3-8314-572CE5C308FB}.Release|Mixed Platforms.Build.0 = Release|Any CPU
		{FE9DA6F5-3477-48A3-8314-572CE5C308FB}.Release|x86.ActiveCfg = Release|Any CPU
		{FE9DA6F5-3477-48A3-8314-572CE5C308FB}.SI|Any CPU.ActiveCfg = SI|Any CPU
		{FE9DA6F5-3477-48A3-8314-572CE5C308FB}.SI|Any CPU.Build.0 = SI|Any CPU
		{FE9DA6F5-3477-48A3-8314-572CE5C308FB}.SI|Mixed Platforms.ActiveCfg = SI|Any CPU
		{FE9DA6F5-3477-48A3-8314-572CE5C308FB}.SI|Mixed Platforms.Build.0 = SI|Any CPU
		{FE9DA6F5-3477-48A3-8314-572CE5C308FB}.SI|x86.ActiveCfg = SI|Any CPU
	EndGlobalSection
	GlobalSection(SolutionProperties) = preSolution
		HideSolutionNode = FALSE
	EndGlobalSection
EndGlobal
