Microsoft Visual Studio Solution File, Format Version 12.00
# Visual Studio 14
VisualStudioVersion = 14.0.23107.0
MinimumVisualStudioVersion = 10.0.40219.1
Project("{2150E333-8FDC-42A3-9474-1A3956D46DE8}") = ".paket", ".paket", "{A93C4663-3194-4CD0-8A02-423D641557C0}"
	ProjectSection(SolutionItems) = preProject
		paket.dependencies = paket.dependencies
		paket.lock = paket.lock
	EndProjectSection
EndProject
Project("{FAE04EC0-301F-11D3-BF4B-00C04F79EFBC}") = "Mozu.SiteBuilder.Mvc", "Mozu.SiteBuilder.Mvc\Mozu.SiteBuilder.Mvc.csproj", "{BFF6E39B-C66A-4D99-8B72-934BEEA4906B}"
EndProject
Project("{FAE04EC0-301F-11D3-BF4B-00C04F79EFBC}") = "Mozu.SiteBuilder.UX", "Mozu.SiteBuilder.UX\Mozu.SiteBuilder.UX.csproj", "{64E108C3-DDB5-4FA8-8C17-778F64B028BA}"
EndProject
Project("{FAE04EC0-301F-11D3-BF4B-00C04F79EFBC}") = "Mozu.SiteBuilder.UX.Themes", "Mozu.SiteBuilder.UX.Themes\Mozu.SiteBuilder.UX.Themes.csproj", "{525FB9FF-4022-4C41-88D7-E5B49613B7FE}"
EndProject
Project("{FAE04EC0-301F-11D3-BF4B-00C04F79EFBC}") = "Mozu.SiteBuilder.IntegrationTests", "Mozu.SiteBuilder.IntegrationTests\Mozu.SiteBuilder.IntegrationTests.csproj", "{73E0DB46-7958-4A58-B834-57A5B04669B1}"
EndProject
Project("{FAE04EC0-301F-11D3-BF4B-00C04F79EFBC}") = "Mozu.SiteBuilder.UX.Admin", "Mozu.SiteBuilder.UX.Admin\Mozu.SiteBuilder.UX.Admin.csproj", "{3AC84F6C-74E6-4767-A80E-9FC022037F70}"
EndProject
Project("{FAE04EC0-301F-11D3-BF4B-00C04F79EFBC}") = "Mozu.SiteBuilder.UX.Models", "Mozu.SiteBuilder.UX.Models\Mozu.SiteBuilder.UX.Models.csproj", "{FE9DA6F5-3477-48A3-8314-572CE5C308FB}"
EndProject
Project("{2150E333-8FDC-42A3-9474-1A3956D46DE8}") = "Solution Items", "Solution Items", "{16F8C4B3-4E6C-4E3F-B622-A005349EC397}"
	ProjectSection(SolutionItems) = preProject
		build.bat = build.bat
		build.fsx = build.fsx
		user.app.config = user.app.config
		WE-Markdown.css = WE-Markdown.css
		WE-settings.xml = WE-settings.xml
	EndProjectSection
EndProject
Project("{FAE04EC0-301F-11D3-BF4B-00C04F79EFBC}") = "Mozu.SiteBuilder.UnitTests", "Mozu.SiteBuilder.UnitTests\Mozu.SiteBuilder.UnitTests.csproj", "{8C45AD1D-F429-4C8A-8280-BAD6FBC8DF4C}"
EndProject
Global
	GlobalSection(SolutionConfigurationPlatforms) = preSolution
		CI|Any CPU = CI|Any CPU
		Debug|Any CPU = Debug|Any CPU
		Demo|Any CPU = Demo|Any CPU
		Dev|Any CPU = Dev|Any CPU
		perf|Any CPU = perf|Any CPU
		Prod|Any CPU = Prod|Any CPU
		QA|Any CPU = QA|Any CPU
		Release|Any CPU = Release|Any CPU
		SI|Any CPU = SI|Any CPU
	EndGlobalSection
	GlobalSection(ProjectConfigurationPlatforms) = postSolution
		{BFF6E39B-C66A-4D99-8B72-934BEEA4906B}.CI|Any CPU.ActiveCfg = CI|Any CPU
		{BFF6E39B-C66A-4D99-8B72-934BEEA4906B}.CI|Any CPU.Build.0 = CI|Any CPU
		{BFF6E39B-C66A-4D99-8B72-934BEEA4906B}.Debug|Any CPU.ActiveCfg = Debug|Any CPU
		{BFF6E39B-C66A-4D99-8B72-934BEEA4906B}.Debug|Any CPU.Build.0 = Debug|Any CPU
		{BFF6E39B-C66A-4D99-8B72-934BEEA4906B}.Demo|Any CPU.ActiveCfg = Demo|Any CPU
		{BFF6E39B-C66A-4D99-8B72-934BEEA4906B}.Demo|Any CPU.Build.0 = Demo|Any CPU
		{BFF6E39B-C66A-4D99-8B72-934BEEA4906B}.Dev|Any CPU.ActiveCfg = Dev|Any CPU
		{BFF6E39B-C66A-4D99-8B72-934BEEA4906B}.Dev|Any CPU.Build.0 = Dev|Any CPU
		{BFF6E39B-C66A-4D99-8B72-934BEEA4906B}.perf|Any CPU.ActiveCfg = perf|Any CPU
		{BFF6E39B-C66A-4D99-8B72-934BEEA4906B}.perf|Any CPU.Build.0 = perf|Any CPU
		{BFF6E39B-C66A-4D99-8B72-934BEEA4906B}.Prod|Any CPU.ActiveCfg = Prod|Any CPU
		{BFF6E39B-C66A-4D99-8B72-934BEEA4906B}.Prod|Any CPU.Build.0 = Prod|Any CPU
		{BFF6E39B-C66A-4D99-8B72-934BEEA4906B}.QA|Any CPU.ActiveCfg = Release|Any CPU
		{BFF6E39B-C66A-4D99-8B72-934BEEA4906B}.QA|Any CPU.Build.0 = Release|Any CPU
		{BFF6E39B-C66A-4D99-8B72-934BEEA4906B}.Release|Any CPU.ActiveCfg = Release|Any CPU
		{BFF6E39B-C66A-4D99-8B72-934BEEA4906B}.Release|Any CPU.Build.0 = Release|Any CPU
		{BFF6E39B-C66A-4D99-8B72-934BEEA4906B}.SI|Any CPU.ActiveCfg = Release|Any CPU
		{BFF6E39B-C66A-4D99-8B72-934BEEA4906B}.SI|Any CPU.Build.0 = Release|Any CPU
		{64E108C3-DDB5-4FA8-8C17-778F64B028BA}.CI|Any CPU.ActiveCfg = CI|Any CPU
		{64E108C3-DDB5-4FA8-8C17-778F64B028BA}.CI|Any CPU.Build.0 = CI|Any CPU
		{64E108C3-DDB5-4FA8-8C17-778F64B028BA}.Debug|Any CPU.ActiveCfg = Debug|Any CPU
		{64E108C3-DDB5-4FA8-8C17-778F64B028BA}.Debug|Any CPU.Build.0 = Debug|Any CPU
		{64E108C3-DDB5-4FA8-8C17-778F64B028BA}.Demo|Any CPU.ActiveCfg = Demo|Any CPU
		{64E108C3-DDB5-4FA8-8C17-778F64B028BA}.Demo|Any CPU.Build.0 = Demo|Any CPU
		{64E108C3-DDB5-4FA8-8C17-778F64B028BA}.Dev|Any CPU.ActiveCfg = Dev|Any CPU
		{64E108C3-DDB5-4FA8-8C17-778F64B028BA}.Dev|Any CPU.Build.0 = Dev|Any CPU
		{64E108C3-DDB5-4FA8-8C17-778F64B028BA}.perf|Any CPU.ActiveCfg = perf|Any CPU
		{64E108C3-DDB5-4FA8-8C17-778F64B028BA}.perf|Any CPU.Build.0 = perf|Any CPU
		{64E108C3-DDB5-4FA8-8C17-778F64B028BA}.Prod|Any CPU.ActiveCfg = Prod|Any CPU
		{64E108C3-DDB5-4FA8-8C17-778F64B028BA}.Prod|Any CPU.Build.0 = Prod|Any CPU
		{64E108C3-DDB5-4FA8-8C17-778F64B028BA}.QA|Any CPU.ActiveCfg = SI|Any CPU
		{64E108C3-DDB5-4FA8-8C17-778F64B028BA}.QA|Any CPU.Build.0 = SI|Any CPU
		{64E108C3-DDB5-4FA8-8C17-778F64B028BA}.Release|Any CPU.ActiveCfg = Release|Any CPU
		{64E108C3-DDB5-4FA8-8C17-778F64B028BA}.Release|Any CPU.Build.0 = Release|Any CPU
		{64E108C3-DDB5-4FA8-8C17-778F64B028BA}.SI|Any CPU.ActiveCfg = SI|Any CPU
		{64E108C3-DDB5-4FA8-8C17-778F64B028BA}.SI|Any CPU.Build.0 = SI|Any CPU
		{525FB9FF-4022-4C41-88D7-E5B49613B7FE}.CI|Any CPU.ActiveCfg = CI|Any CPU
		{525FB9FF-4022-4C41-88D7-E5B49613B7FE}.CI|Any CPU.Build.0 = CI|Any CPU
		{525FB9FF-4022-4C41-88D7-E5B49613B7FE}.Debug|Any CPU.ActiveCfg = Debug|Any CPU
		{525FB9FF-4022-4C41-88D7-E5B49613B7FE}.Debug|Any CPU.Build.0 = Debug|Any CPU
		{525FB9FF-4022-4C41-88D7-E5B49613B7FE}.Demo|Any CPU.ActiveCfg = Demo|Any CPU
		{525FB9FF-4022-4C41-88D7-E5B49613B7FE}.Demo|Any CPU.Build.0 = Demo|Any CPU
		{525FB9FF-4022-4C41-88D7-E5B49613B7FE}.Dev|Any CPU.ActiveCfg = Dev|Any CPU
		{525FB9FF-4022-4C41-88D7-E5B49613B7FE}.Dev|Any CPU.Build.0 = Dev|Any CPU
		{525FB9FF-4022-4C41-88D7-E5B49613B7FE}.perf|Any CPU.ActiveCfg = perf|Any CPU
		{525FB9FF-4022-4C41-88D7-E5B49613B7FE}.perf|Any CPU.Build.0 = perf|Any CPU
		{525FB9FF-4022-4C41-88D7-E5B49613B7FE}.Prod|Any CPU.ActiveCfg = Prod|Any CPU
		{525FB9FF-4022-4C41-88D7-E5B49613B7FE}.Prod|Any CPU.Build.0 = Prod|Any CPU
		{525FB9FF-4022-4C41-88D7-E5B49613B7FE}.QA|Any CPU.ActiveCfg = SI|Any CPU
		{525FB9FF-4022-4C41-88D7-E5B49613B7FE}.QA|Any CPU.Build.0 = SI|Any CPU
		{525FB9FF-4022-4C41-88D7-E5B49613B7FE}.Release|Any CPU.ActiveCfg = Release|Any CPU
		{525FB9FF-4022-4C41-88D7-E5B49613B7FE}.Release|Any CPU.Build.0 = Release|Any CPU
		{525FB9FF-4022-4C41-88D7-E5B49613B7FE}.SI|Any CPU.ActiveCfg = SI|Any CPU
		{525FB9FF-4022-4C41-88D7-E5B49613B7FE}.SI|Any CPU.Build.0 = SI|Any CPU
		{73E0DB46-7958-4A58-B834-57A5B04669B1}.CI|Any CPU.ActiveCfg = CI|Any CPU
		{73E0DB46-7958-4A58-B834-57A5B04669B1}.CI|Any CPU.Build.0 = CI|Any CPU
		{73E0DB46-7958-4A58-B834-57A5B04669B1}.Debug|Any CPU.ActiveCfg = Debug|Any CPU
		{73E0DB46-7958-4A58-B834-57A5B04669B1}.Debug|Any CPU.Build.0 = Debug|Any CPU
		{73E0DB46-7958-4A58-B834-57A5B04669B1}.Demo|Any CPU.ActiveCfg = Demo|Any CPU
		{73E0DB46-7958-4A58-B834-57A5B04669B1}.Demo|Any CPU.Build.0 = Demo|Any CPU
		{73E0DB46-7958-4A58-B834-57A5B04669B1}.Dev|Any CPU.ActiveCfg = Dev|Any CPU
		{73E0DB46-7958-4A58-B834-57A5B04669B1}.Dev|Any CPU.Build.0 = Dev|Any CPU
		{73E0DB46-7958-4A58-B834-57A5B04669B1}.perf|Any CPU.ActiveCfg = perf|Any CPU
		{73E0DB46-7958-4A58-B834-57A5B04669B1}.perf|Any CPU.Build.0 = perf|Any CPU
		{73E0DB46-7958-4A58-B834-57A5B04669B1}.Prod|Any CPU.ActiveCfg = Prod|Any CPU
		{73E0DB46-7958-4A58-B834-57A5B04669B1}.Prod|Any CPU.Build.0 = Prod|Any CPU
		{73E0DB46-7958-4A58-B834-57A5B04669B1}.QA|Any CPU.ActiveCfg = SI|Any CPU
		{73E0DB46-7958-4A58-B834-57A5B04669B1}.QA|Any CPU.Build.0 = SI|Any CPU
		{73E0DB46-7958-4A58-B834-57A5B04669B1}.Release|Any CPU.ActiveCfg = Release|Any CPU
		{73E0DB46-7958-4A58-B834-57A5B04669B1}.Release|Any CPU.Build.0 = Release|Any CPU
		{73E0DB46-7958-4A58-B834-57A5B04669B1}.SI|Any CPU.ActiveCfg = SI|Any CPU
		{73E0DB46-7958-4A58-B834-57A5B04669B1}.SI|Any CPU.Build.0 = SI|Any CPU
		{3AC84F6C-74E6-4767-A80E-9FC022037F70}.CI|Any CPU.ActiveCfg = CI|Any CPU
		{3AC84F6C-74E6-4767-A80E-9FC022037F70}.CI|Any CPU.Build.0 = CI|Any CPU
		{3AC84F6C-74E6-4767-A80E-9FC022037F70}.Debug|Any CPU.ActiveCfg = Debug|Any CPU
		{3AC84F6C-74E6-4767-A80E-9FC022037F70}.Debug|Any CPU.Build.0 = Debug|Any CPU
		{3AC84F6C-74E6-4767-A80E-9FC022037F70}.Demo|Any CPU.ActiveCfg = Demo|Any CPU
		{3AC84F6C-74E6-4767-A80E-9FC022037F70}.Demo|Any CPU.Build.0 = Demo|Any CPU
		{3AC84F6C-74E6-4767-A80E-9FC022037F70}.Dev|Any CPU.ActiveCfg = Dev|Any CPU
		{3AC84F6C-74E6-4767-A80E-9FC022037F70}.Dev|Any CPU.Build.0 = Dev|Any CPU
		{3AC84F6C-74E6-4767-A80E-9FC022037F70}.perf|Any CPU.ActiveCfg = perf|Any CPU
		{3AC84F6C-74E6-4767-A80E-9FC022037F70}.perf|Any CPU.Build.0 = perf|Any CPU
		{3AC84F6C-74E6-4767-A80E-9FC022037F70}.Prod|Any CPU.ActiveCfg = Prod|Any CPU
		{3AC84F6C-74E6-4767-A80E-9FC022037F70}.Prod|Any CPU.Build.0 = Prod|Any CPU
		{3AC84F6C-74E6-4767-A80E-9FC022037F70}.QA|Any CPU.ActiveCfg = SI|Any CPU
		{3AC84F6C-74E6-4767-A80E-9FC022037F70}.QA|Any CPU.Build.0 = SI|Any CPU
		{3AC84F6C-74E6-4767-A80E-9FC022037F70}.Release|Any CPU.ActiveCfg = Release|Any CPU
		{3AC84F6C-74E6-4767-A80E-9FC022037F70}.Release|Any CPU.Build.0 = Release|Any CPU
		{3AC84F6C-74E6-4767-A80E-9FC022037F70}.SI|Any CPU.ActiveCfg = SI|Any CPU
		{3AC84F6C-74E6-4767-A80E-9FC022037F70}.SI|Any CPU.Build.0 = SI|Any CPU
		{FE9DA6F5-3477-48A3-8314-572CE5C308FB}.CI|Any CPU.ActiveCfg = CI|Any CPU
		{FE9DA6F5-3477-48A3-8314-572CE5C308FB}.CI|Any CPU.Build.0 = CI|Any CPU
		{FE9DA6F5-3477-48A3-8314-572CE5C308FB}.Debug|Any CPU.ActiveCfg = Debug|Any CPU
		{FE9DA6F5-3477-48A3-8314-572CE5C308FB}.Debug|Any CPU.Build.0 = Debug|Any CPU
		{FE9DA6F5-3477-48A3-8314-572CE5C308FB}.Demo|Any CPU.ActiveCfg = Demo|Any CPU
		{FE9DA6F5-3477-48A3-8314-572CE5C308FB}.Demo|Any CPU.Build.0 = Demo|Any CPU
		{FE9DA6F5-3477-48A3-8314-572CE5C308FB}.Dev|Any CPU.ActiveCfg = Dev|Any CPU
		{FE9DA6F5-3477-48A3-8314-572CE5C308FB}.Dev|Any CPU.Build.0 = Dev|Any CPU
		{FE9DA6F5-3477-48A3-8314-572CE5C308FB}.perf|Any CPU.ActiveCfg = perf|Any CPU
		{FE9DA6F5-3477-48A3-8314-572CE5C308FB}.perf|Any CPU.Build.0 = perf|Any CPU
		{FE9DA6F5-3477-48A3-8314-572CE5C308FB}.Prod|Any CPU.ActiveCfg = Prod|Any CPU
		{FE9DA6F5-3477-48A3-8314-572CE5C308FB}.Prod|Any CPU.Build.0 = Prod|Any CPU
		{FE9DA6F5-3477-48A3-8314-572CE5C308FB}.QA|Any CPU.ActiveCfg = SI|Any CPU
		{FE9DA6F5-3477-48A3-8314-572CE5C308FB}.QA|Any CPU.Build.0 = SI|Any CPU
		{FE9DA6F5-3477-48A3-8314-572CE5C308FB}.Release|Any CPU.ActiveCfg = Release|Any CPU
		{FE9DA6F5-3477-48A3-8314-572CE5C308FB}.Release|Any CPU.Build.0 = Release|Any CPU
		{FE9DA6F5-3477-48A3-8314-572CE5C308FB}.SI|Any CPU.ActiveCfg = SI|Any CPU
		{FE9DA6F5-3477-48A3-8314-572CE5C308FB}.SI|Any CPU.Build.0 = SI|Any CPU
		{8C45AD1D-F429-4C8A-8280-BAD6FBC8DF4C}.CI|Any CPU.ActiveCfg = CI|Any CPU
		{8C45AD1D-F429-4C8A-8280-BAD6FBC8DF4C}.CI|Any CPU.Build.0 = CI|Any CPU
		{8C45AD1D-F429-4C8A-8280-BAD6FBC8DF4C}.Debug|Any CPU.ActiveCfg = Debug|Any CPU
		{8C45AD1D-F429-4C8A-8280-BAD6FBC8DF4C}.Debug|Any CPU.Build.0 = Debug|Any CPU
		{8C45AD1D-F429-4C8A-8280-BAD6FBC8DF4C}.Demo|Any CPU.ActiveCfg = Demo|Any CPU
		{8C45AD1D-F429-4C8A-8280-BAD6FBC8DF4C}.Demo|Any CPU.Build.0 = Demo|Any CPU
		{8C45AD1D-F429-4C8A-8280-BAD6FBC8DF4C}.Dev|Any CPU.ActiveCfg = Dev|Any CPU
		{8C45AD1D-F429-4C8A-8280-BAD6FBC8DF4C}.Dev|Any CPU.Build.0 = Dev|Any CPU
		{8C45AD1D-F429-4C8A-8280-BAD6FBC8DF4C}.perf|Any CPU.ActiveCfg = perf|Any CPU
		{8C45AD1D-F429-4C8A-8280-BAD6FBC8DF4C}.perf|Any CPU.Build.0 = perf|Any CPU
		{8C45AD1D-F429-4C8A-8280-BAD6FBC8DF4C}.Prod|Any CPU.ActiveCfg = Prod|Any CPU
		{8C45AD1D-F429-4C8A-8280-BAD6FBC8DF4C}.Prod|Any CPU.Build.0 = Prod|Any CPU
		{8C45AD1D-F429-4C8A-8280-BAD6FBC8DF4C}.QA|Any CPU.ActiveCfg = SI|Any CPU
		{8C45AD1D-F429-4C8A-8280-BAD6FBC8DF4C}.QA|Any CPU.Build.0 = SI|Any CPU
		{8C45AD1D-F429-4C8A-8280-BAD6FBC8DF4C}.Release|Any CPU.ActiveCfg = Release|Any CPU
		{8C45AD1D-F429-4C8A-8280-BAD6FBC8DF4C}.Release|Any CPU.Build.0 = Release|Any CPU
		{8C45AD1D-F429-4C8A-8280-BAD6FBC8DF4C}.SI|Any CPU.ActiveCfg = SI|Any CPU
		{8C45AD1D-F429-4C8A-8280-BAD6FBC8DF4C}.SI|Any CPU.Build.0 = SI|Any CPU
	EndGlobalSection
	GlobalSection(SolutionProperties) = preSolution
		HideSolutionNode = FALSE
	EndGlobalSection
EndGlobal
