CONTENT: NONE
NUGET
  remote: http://nuget-external.corp.volusion.com:8201/api/odata
  specs:
    51Degrees.mobi (2.1.15.1) - content: none
      Microsoft.Web.Infrastructure (>= 1.0.0.0)
    Autofac (3.5.2)
    Autofac.WebApi2 (3.4.0)
      Autofac (>= 3.5.0 < 4.0.0)
      Microsoft.AspNet.WebApi.Core (>= 5.2.0 < 6.0.0)
    AutofacContrib.NSubstitute (3.3.2)
      Autofac (>= 3.3.0)
      NSubstitute (>= 1.7.0.0)
    AutoMapper (3.3.0)
    Burrows (0.3.3.0)
      Magnum (>= 2.1.2)
      Newtonsoft.Json (>= 5.0.8)
      RabbitMQ.Client (>= 3.2.1)
      Stact (>= 1.1.2)
    Burrows.Autofac (0.3.3.0)
      Autofac (>= 3.3.0)
      Burrows (>= 0.3.3.0)
      Magnum (>= 2.1.2)
      Newtonsoft.Json (>= 5.0.8)
    Burrows.Log4Net (0.3.3.0)
      Burrows (>= 0.3.3.0)
      log4net (>= 2.0.3)
    ClearScript.Installer (5.4.5696)
    dotless (1.4.0.0)
    FAKE (4.3.0)
    FluentAssertions (3.2.2)
    FluentValidation (5.5.0.0)
    FSharp.Core (3.1.2.1)
    FSharpx.Collections (1.9.6)
    JsonValue (0.6.0)
    log4net (2.0.3)
    Magnum (2.1.3)
      Newtonsoft.Json (>= 6.0.5)
    Microsoft.AspNet.Mvc (5.2.2)
      Microsoft.AspNet.Razor (>= 3.2.2 < 3.3.0)
      Microsoft.AspNet.WebPages (>= 3.2.2 < 3.3.0)
    Microsoft.AspNet.Razor (3.2.2)
    Microsoft.AspNet.WebApi.Client (5.2.3)
      Microsoft.Net.Http (>= 2.2.22) - framework: portable-wp80+win+net45+wp81+Unsupported
      Newtonsoft.Json (>= 6.0.4) - framework: portable-wp80+win+net45+wp81+Unsupported, >= net45
    Microsoft.AspNet.WebApi.Core (5.2.3)
      Microsoft.AspNet.WebApi.Client (>= 5.2.3)
    Microsoft.AspNet.WebApi.WebHost (5.2.3)
      Microsoft.AspNet.WebApi.Core (>= 5.2.3 < 5.3.0)
    Microsoft.AspNet.WebPages (3.2.2)
      Microsoft.AspNet.Razor (>= 3.2.2 < 3.3.0)
      Microsoft.Web.Infrastructure (>= 1.0.0.0)
    Microsoft.Bcl (1.1.9)
      Microsoft.Bcl.Build (>= 1.0.14)
    Microsoft.Bcl.Build (1.0.14)
    Microsoft.Net.Http (2.2.28) - framework: portable-wp80+win+net45+wp81+Unsupported
      Microsoft.Bcl (>= 1.1.9)
      Microsoft.Bcl.Build (>= 1.0.14)
    Microsoft.Owin (3.0.0)
      Owin (>= 1.0)
    Microsoft.Owin.Diagnostics (2.1.0)
      Microsoft.Owin (>= 2.1.0)
      Owin (>= 1.0)
    Microsoft.Owin.FileSystems (2.1.0)
    Microsoft.Owin.Host.HttpListener (3.0.0)
    Microsoft.Owin.Hosting (3.0.0)
      Microsoft.Owin (>= 3.0.0)
      Owin (>= 1.0)
    Microsoft.Owin.SelfHost (2.1.0)
      Microsoft.Owin (>= 2.1.0)
      Microsoft.Owin.Diagnostics (>= 2.1.0)
      Microsoft.Owin.Host.HttpListener (>= 2.1.0)
      Microsoft.Owin.Hosting (>= 2.1.0)
      Owin (>= 1.0)
    Microsoft.Owin.StaticFiles (2.1.0)
      Microsoft.Owin (>= 2.1.0)
      Microsoft.Owin.FileSystems (>= 2.1.0)
      Owin (>= 1.0)
    Microsoft.Web.Infrastructure (1.0.0.0)
    Microsoft.Web.Xdt (2.1.1)
    mongocsharpdriver (1.10.0)
    morelinq (1.0.16006)
    Newtonsoft.Json (6.0.8)
    NSubstitute (1.8.1.0)
    NUnit (2.6.4)
    Owin (1.0)
    protobuf-net (2.0.0.668)
    RabbitMQ.Client (3.3.5)
    Should (1.1.20)
    Sprache (2.0.0.45)
    Stact (1.1.2)
      Magnum (>= 2.1.2)
  remote: http://nuget-internal.corp.volusion.com:8200/api/odata
  specs:
    Jolt (1.0.0)
    Mozu.AdminUser.Contracts (1.18.1)
      Mozu.Core.Prime (>= 1.17)
      Mozu.Tenant.Contracts
    Mozu.AppDev.Contracts (1.18.5)
      Mozu.Core.Prime (>= 1.17)
    Mozu.BuildSupport.GetAssemblyFileVersionTask (1.0.0)
    Mozu.BuildTools (1.9.0.16)
    Mozu.CommerceRuntime.Contracts (1.18.2)
      Mozu.Core.Extensible.Contracts
      Mozu.Core.Prime
      Mozu.PricingRuntime.Contracts
      Mozu.ShippingRuntime.Contracts
      Newtonsoft.Json
    Mozu.Content.Contracts (1.18.3)
      Mozu.Core.Prime (>= 1.17)
    Mozu.Core.Extensible.Contracts (1.18.1)
      Mozu.Core.Prime (>= 1.17)
    Mozu.Core.Messaging (1.18.1)
      Burrows (>= 0.3.3.0)
      Mozu.Core.Messaging.Contracts (>= 1.18.0)
      Mozu.Core.Prime (>= 1.18.0)
    Mozu.Core.Messaging.Contracts (1.18.1)
      Mozu.Core.Prime (>= 1.18.0)
    Mozu.Core.Prime (1.18.18)
      AutoMapper (>= 3.3.0)
      Autofac (>= 3.5.2)
      Autofac.WebApi2 (>= 3.4.0)
      ClearScript.Installer (>= 5.4.5696)
      FluentValidation (>= 5.5.0.0)
      Jolt (>= 1.0.0)
      Microsoft.AspNet.WebApi.Client (>= 5.2.3)
      Microsoft.AspNet.WebApi.Core (>= 5.2.3)
      Microsoft.AspNet.WebApi.WebHost (>= 5.2.3)
      Microsoft.Web.Xdt (>= 2.1.1)
      Newtonsoft.Json (>= 6.0.8)
      Sprache (>= 2.0.0.45)
      log4net (>= 2.0.3)
      mongocsharpdriver (>= 1.10.0)
    Mozu.Core.Test (1.18.16)
      Autofac (>= 3.5.2)
      AutofacContrib.NSubstitute (>= 3.3.2)
      FluentAssertions (>= 3.2.2)
      NSubstitute (>= 1.8.1.0)
      NUnit (>= 2.6.4)
      Should (>= 1.1.20)
    Mozu.Customer.Contracts (1.18.1)
      Mozu.Core.Extensible.Contracts
    Mozu.DeployWeb (2.0.4)
      OctoPack (>= 2.1.3)
    Mozu.Hypr.NDjango (1.18.1)
      FSharp.Core (>= 3.1.2.1)
      FSharpx.Collections (>= 1.9.6)
    Mozu.InstalledApps.Contracts (1.18.1)
      Mozu.Core.Prime (>= 1.17)
      Mozu.Tenant.Contracts (>= 1.17)
    Mozu.Location.Contracts (1.18.1)
      Mozu.Core.Prime (>= 1.18.0)
    Mozu.MZDB.Contracts (1.18.1)
    Mozu.PaymentService.Contracts (1.9.10)
    Mozu.PricingRuntime.Contracts (1.18.1)
      Mozu.Core.Prime (>= 1.18.1)
    Mozu.ProductAdmin.Contracts (1.18.1)
      Mozu.Core.Prime (>= 1.18.1) - framework: >= net45
    Mozu.ProductRuntime.Contracts (1.18.1)
      Mozu.Core.Prime (>= 1.18.0)
    Mozu.Provisioning.Contracts (1.17.5)
      Mozu.Core.Prime (>= 1.17)
      Mozu.Tenant.Contracts (>= 1.17)
    Mozu.Reference.Contracts (1.17.4)
    Mozu.ScheduledEvent.Contracts (1.0.1)
      Mozu.Core.Prime (>= 1.18.0)
    Mozu.ShippingAdmin.Contracts (1.18.1)
      Mozu.Core.Prime (>= 1.17)
    Mozu.ShippingRuntime.Contracts (1.18.1)
      Mozu.Core.Prime (>= 1.17)
    Mozu.SiteSettings.General.Contracts (1.18.6)
      Mozu.Core.Prime (>= 1.17)
    Mozu.SiteSettings.Order.Contracts (1.18.6)
      Mozu.Core.Prime (>= 1.17)
      Mozu.PaymentService.Contracts (>= 1.9.6)
    Mozu.Tenant.Contracts (1.18.1)
      Mozu.Core.Prime (>= 1.17)
    Mozu.VS.PowerShell (1.17.1)
    OctoPack (2.1.3)
