REDIRECTS: ON
CONTENT: NONE
RESTRICTION: || (== net45) (== net451)
NUGET
  remote: http://ng-repo.dev.kibocommerce.com:8081/repository/nuget-ng-internal
    51Degrees.mobi (3.2.8.1)
      Microsoft.Web.Infrastructure (>= 1.0)
    ClearScript.Installer (5.5.4)
    dotless (1.4.0.0)
    Jolt (1.0.0)
    JsonValue (0.6.0)
    JWT (1.3.4)
    Microsoft.AspNet.Mvc (5.2.2)
      Microsoft.AspNet.Razor (>= 3.2.2 < 3.3)
      Microsoft.AspNet.WebPages (>= 3.2.2 < 3.3)
    Microsoft.AspNet.Razor (3.2.2)
    Microsoft.AspNet.WebApi.Core (5.2.3)
      Microsoft.AspNet.WebApi.Client (>= 5.2.3)
    Microsoft.AspNet.WebPages (3.2.2)
      Microsoft.AspNet.Razor (>= 3.2.2 < 3.3)
      Microsoft.Web.Infrastructure (>= 1.0)
    Microsoft.Owin (3.0.0)
      Owin (>= 1.0)
    Microsoft.Owin.SelfHost (2.1.0)
      Microsoft.Owin (>= 2.1)
      Microsoft.Owin.Diagnostics (>= 2.1)
      Microsoft.Owin.Host.HttpListener (>= 2.1)
      Microsoft.Owin.Hosting (>= 2.1)
      Owin (>= 1.0)
    Microsoft.Owin.StaticFiles (2.1.0)
      Microsoft.Owin (>= 2.1)
      Microsoft.Owin.FileSystems (>= 2.1)
      Owin (>= 1.0)
    mongocsharpdriver (2.4.4)
      MongoDB.Bson (>= 2.4.4)
      MongoDB.Driver (>= 2.4.4)
      MongoDB.Driver.Core (>= 2.4.4)
    MongoDB.Bson (2.4.4)
    MongoDB.Driver (2.4.4)
      MongoDB.Bson (>= 2.4.4)
      MongoDB.Driver.Core (>= 2.4.4)
    MongoDB.Driver.Core (2.4.4)
      MongoDB.Bson (>= 2.4.4)
      System.Runtime.InteropServices.RuntimeInformation (>= 4.0)
    morelinq (1.0.16006)
    Mozu.AdminUser.Contracts (1.18.1)
      Mozu.Core.Prime (>= 1.17)
      Mozu.Tenant.Contracts
    Mozu.AppDev.Contracts (1.1642.1)
      Mozu.Core.Prime (>= 1.17)
    Mozu.BuildSupport.GetAssemblyFileVersionTask (1.0.0)
    Mozu.CommerceRuntime.Contracts (1.1846.2)
      Mozu.Core.Extensible.Contracts
      Mozu.Core.Prime
      Mozu.PricingRuntime.Contracts
      Mozu.ShippingRuntime.Contracts
      Newtonsoft.Json (>= 9.0.1)
    Mozu.Content.Contracts (1.19.2)
      Mozu.Core.Prime (>= 1.17)
    Mozu.Core.Extensible.Contracts (1.1613.1)
      Mozu.Core.Prime (>= 1.18)
    Mozu.Core.Messaging (1.1725.1)
      Burrows (>= 0.3.3)
      Mozu.Core.Messaging.Contracts (>= 1.19)
      Mozu.Core.Prime (>= 1.19)
    Mozu.Core.Messaging.Contracts (1.1643.5)
      Mozu.Core.Prime (>= 1.19)
    Mozu.Core.Prime (1.1827.7)
      Autofac (>= 3.5.2)
      Autofac.WebApi2 (>= 3.4)
      AutoMapper (>= 6.2.2 < 7.0)
      ClearScript.Installer (>= 5.5.4)
      FluentValidation (>= 5.5)
      Jolt (>= 1.0)
      log4net (>= 2.0.3)
      Microsoft.AspNet.WebApi.Client (>= 5.2.3)
      Microsoft.AspNet.WebApi.Core (>= 5.2.3)
      Microsoft.AspNet.WebApi.WebHost (>= 5.2.3)
      Microsoft.Web.Xdt (>= 2.1.1)
      mongocsharpdriver (>= 2.4.4)
      MongoDB.Driver.GridFS (>= 2.4.4)
      Newtonsoft.Json (>= 8.0)
      Sprache (>= 2.0.0.45)
      StackExchange.Redis (>= 1.2.6)
    Mozu.Core.Test (1.1731.4)
      Autofac (>= 3.5.2)
      AutofacContrib.NSubstitute (>= 3.3.2)
      FluentAssertions (>= 3.2.2)
      NSubstitute (>= 1.8.1)
      NUnit (>= 2.6.4)
      Should (>= 1.1.20)
    Mozu.Customer.Contracts (1.1804.1)
      Mozu.Core.Extensible.Contracts
    Mozu.DeployWeb (2.0.4)
      OctoPack (>= 2.1.3)
    Mozu.Event.Contracts (1.1735.1)
      Mozu.Core.Messaging.Contracts (>= 1.17)
      Mozu.Core.Prime (>= 1.17)
    Mozu.Hypr.NDjango (1.1731.1)
      FSharp.Core (>= 3.1.2.1)
      FSharpx.Collections (>= 1.9.6)
    Mozu.InstalledApps.Contracts (1.19.2)
      Mozu.Core.Prime (>= 1.17)
      Mozu.Tenant.Contracts (>= 1.17)
    Mozu.Location.Contracts (1.1806.1)
      Mozu.Core.Prime (>= 1.1613.1)
    Mozu.Log4net.Gelf (1.1842.1)
    Mozu.MZDB.Contracts (1.19.3)
    Mozu.PaymentService.Contracts (1.1840.1)
    Mozu.PricingRuntime.Contracts (1.1816.1)
      Mozu.Core.Prime (>= 1.1735.3)
      Mozu.SiteSettings.General.Contracts (>= 1.1738.2)
    Mozu.ProductAdmin.Contracts (1.1836.1)
      Mozu.Core.Prime (>= 1.18.1)
    Mozu.ProductRuntime.Contracts (1.1836.1)
      Mozu.Core.Prime (>= 1.18)
    Mozu.Provisioning.Contracts (1.17.5)
      Mozu.Core.Prime (>= 1.17)
      Mozu.Tenant.Contracts (>= 1.17)
    Mozu.Reference.Contracts (1.17.4)
    Mozu.ScheduledEvent.Contracts (1.19.2)
      Mozu.Core.Prime (>= 1.18)
    Mozu.ShippingAdmin.Contracts (1.1643.1)
      Mozu.Core.Prime (>= 1.17)
    Mozu.ShippingRuntime.Contracts (1.1623.1)
      Mozu.Core.Prime (>= 1.17)
    Mozu.SiteSettings.General.Contracts (1.1840.3)
      Mozu.Core.Prime (>= 1.17)
    Mozu.SiteSettings.Order.Contracts (1.1840.3)
      Mozu.Core.Prime (>= 1.17)
      Mozu.PaymentService.Contracts (>= 1.9.6)
    Mozu.Tenant.Contracts (1.1706.1)
      Mozu.Core.Prime
    Mozu.VS.PowerShell (1.17.1)
    Newtonsoft.Json (9.0.1)
    OctoPack (2.1.3)
    protobuf-net (2.0.0.668)
    RabbitMQ.Client (3.3.5)
    System.Runtime.InteropServices.RuntimeInformation (4.3.0)
  remote: http://ng-repo.dev.kibocommerce.com:8081/repository/nuget-external
    Autofac (3.5.2)
    Autofac.WebApi2 (3.4.0)
      Autofac (>= 3.5 < 4.0)
      Microsoft.AspNet.WebApi.Core (>= 5.2 < 6.0)
    AutofacContrib.NSubstitute (3.3.2)
      Autofac (>= 3.3)
      NSubstitute (>= 1.7)
    AutoMapper (6.2.2)
    Burrows (0.3.3.0)
      Magnum (>= 2.1.2)
      Newtonsoft.Json (>= 5.0.8)
      RabbitMQ.Client (>= 3.2.1)
      Stact (>= 1.1.2)
    Burrows.Autofac (0.3.3.0)
      Autofac (>= 3.3)
      Burrows (>= 0.3.3)
      Magnum (>= 2.1.2)
      Newtonsoft.Json (>= 5.0.8)
    Burrows.Log4Net (0.3.3.0)
      Burrows (>= 0.3.3)
      log4net (>= 2.0.3)
    FAKE (4.3.0)
    FluentAssertions (3.2.2)
    FluentValidation (5.5.0.0)
    FSharp.Core (3.1.2.1)
    FSharpx.Collections (1.9.6)
    log4net (2.0.3)
    Magnum (2.1.3)
      Newtonsoft.Json (>= 6.0.5)
    Microsoft.AspNet.WebApi.Client (5.2.3)
      Newtonsoft.Json (>= 6.0.4)
    Microsoft.AspNet.WebApi.Tracing (5.2.3)
      Microsoft.AspNet.WebApi.Core (>= 5.2.3 < 5.3)
    Microsoft.AspNet.WebApi.WebHost (5.2.3)
      Microsoft.AspNet.WebApi.Core (>= 5.2.3 < 5.3)
    Microsoft.Owin.Diagnostics (2.1.0)
      Microsoft.Owin (>= 2.1)
      Owin (>= 1.0)
    Microsoft.Owin.FileSystems (2.1.0)
    Microsoft.Owin.Host.HttpListener (3.0.0)
    Microsoft.Owin.Hosting (3.0.0)
      Microsoft.Owin (>= 3.0)
      Owin (>= 1.0)
    Microsoft.Web.Infrastructure (1.0.0.0)
    Microsoft.Web.Xdt (2.1.1)
    MongoDB.Driver.GridFS (2.4.4)
      MongoDB.Bson (>= 2.4.4)
      MongoDB.Driver (>= 2.4.4)
      MongoDB.Driver.Core (>= 2.4.4)
    NSubstitute (1.8.1.0)
    NUnit (2.6.4)
    Owin (1.0)
    Should (1.1.20)
    Sprache (2.0.0.45)
    StackExchange.Redis (1.2.6)
    Stact (1.1.2)
      Magnum (>= 2.1.2)
